
Microsoft Visual Studio Solution File, Format Version 12.00
# Visual Studio Version 17
VisualStudioVersion = 17.5.002.0
MinimumVisualStudioVersion = 10.0.40219.1
Project("{9A19103F-16F7-4668-BE54-9A1E7A4F7556}") = "segundapractica", "segundapractica.csproj", "{9079FF21-559F-48A0-867C-CA9575D4A05D}"
EndProject
Global
	GlobalSection(SolutionConfigurationPlatforms) = preSolution
		Debug|Any CPU = Debug|Any CPU
		Release|Any CPU = Release|Any CPU
	EndGlobalSection
	GlobalSection(ProjectConfigurationPlatforms) = postSolution
		{9079FF21-559F-48A0-867C-CA9575D4A05D}.Debug|Any CPU.ActiveCfg = Debug|Any CPU
		{9079FF21-559F-48A0-867C-CA9575D4A05D}.Debug|Any CPU.Build.0 = Debug|Any CPU
		{9079FF21-559F-48A0-867C-CA9575D4A05D}.Release|Any CPU.ActiveCfg = Release|Any CPU
		{9079FF21-559F-48A0-867C-CA9575D4A05D}.Release|Any CPU.Build.0 = Release|Any CPU
	EndGlobalSection
	GlobalSection(SolutionProperties) = preSolution
		HideSolutionNode = FALSE
	EndGlobalSection
	GlobalSection(ExtensibilityGlobals) = postSolution
		SolutionGuid = {F6945B7C-E7FF-49C9-AC16-C1BC74BD6873}
	EndGlobalSection
EndGlobal
